{
  "name": "desafio-agencia-fmd",
  "version": "0.1.0",
  "lockfileVersion": 2,
  "requires": true,
  "packages": {
    "": {
      "name": "desafio-agencia-fmd",
      "version": "0.1.0",
      "dependencies": {
        "@next/font": "13.1.2",
        "bootstrap": "^5.2.3",
        "next": "13.1.2",
        "react": "18.2.0",
        "react-bootstrap": "^2.7.0",
        "react-dom": "18.2.0"
      }
    },
    "node_modules/@babel/runtime": {
      "version": "7.20.7",
      "resolved": "https://registry.npmjs.org/@babel/runtime/-/runtime-7.20.7.tgz",
      "integrity": "sha512-UF0tvkUtxwAgZ5W/KrkHf0Rn0fdnLDU9ScxBrEVNUprE/MzirjK4MJUX1/BVDv00Sv8cljtukVK1aky++X1SjQ==",
      "dependencies": {
        "regenerator-runtime": "^0.13.11"
      },
      "engines": {
        "node": ">=6.9.0"
      }
    },
    "node_modules/@next/env": {
      "version": "13.1.2",
      "resolved": "https://registry.npmjs.org/@next/env/-/env-13.1.2.tgz",
      "integrity": "sha512-PpT4UZIX66VMTqXt4HKEJ+/PwbS+tWmmhZlazaws1a+dbUA5pPdjntQ46Jvj616i3ZKN9doS9LHx3y50RLjAWg=="
    },
    "node_modules/@next/font": {
      "version": "13.1.2",
      "resolved": "https://registry.npmjs.org/@next/font/-/font-13.1.2.tgz",
      "integrity": "sha512-NXGXGFGiOKEnvBIHq9cdFTKbHO2/4B3Zd9K27M7j1DioIQVar7oVRqZMYs0h3XMVEZLwjjkdAtqRPCzzd3RtXg=="
    },
    "node_modules/@next/swc-android-arm-eabi": {
      "version": "13.1.2",
      "resolved": "https://registry.npmjs.org/@next/swc-android-arm-eabi/-/swc-android-arm-eabi-13.1.2.tgz",
      "integrity": "sha512-7mRz1owoGsbfIcdOJA3kk7KEwPZ+OvVT1z9DkR/yru4QdVLF69h/1SHy0vlUNQMxDRllabhxCfkoZCB34GOGAg==",
      "cpu": [
        "arm"
      ],
      "optional": true,
      "os": [
        "android"
      ],
      "engines": {
        "node": ">= 10"
      }
    },
    "node_modules/@next/swc-android-arm64": {
      "version": "13.1.2",
      "resolved": "https://registry.npmjs.org/@next/swc-android-arm64/-/swc-android-arm64-13.1.2.tgz",
      "integrity": "sha512-mgjZ2eJSayovQm1LcE54BLSI4jjnnnLtq5GY5g+DdPuUiCT644gKtjZ/w2BQvuIecCqqBO+Ph9yzo/wUTq7NLg==",
      "cpu": [
        "arm64"
      ],
      "optional": true,
      "os": [
        "android"
      ],
      "engines": {
        "node": ">= 10"
      }
    },
    "node_modules/@next/swc-darwin-arm64": {
      "version": "13.1.2",
      "resolved": "https://registry.npmjs.org/@next/swc-darwin-arm64/-/swc-darwin-arm64-13.1.2.tgz",
      "integrity": "sha512-RikoQqy109r2222UJlyGs4dZw2BibkfPqpeFdW5JEGv+L2PStlHID8DwyVYbmHfQ0VIBGvbf/NAUtFakAWlhwg==",
      "cpu": [
        "arm64"
      ],
      "optional": true,
      "os": [
        "darwin"
      ],
      "engines": {
        "node": ">= 10"
      }
    },
    "node_modules/@next/swc-darwin-x64": {
      "version": "13.1.2",
      "resolved": "https://registry.npmjs.org/@next/swc-darwin-x64/-/swc-darwin-x64-13.1.2.tgz",
      "integrity": "sha512-JbDZjaTvL8gyPC5TAH6OnD4jmXPkyUxRYPvu08ZmhT/XAFBb/Cso0BdXyDax/BPCG70mimP9d3hXNKNq+A0VtQ==",
      "cpu": [
        "x64"
      ],
      "optional": true,
      "os": [
        "darwin"
      ],
      "engines": {
        "node": ">= 10"
      }
    },
    "node_modules/@next/swc-freebsd-x64": {
      "version": "13.1.2",
      "resolved": "https://registry.npmjs.org/@next/swc-freebsd-x64/-/swc-freebsd-x64-13.1.2.tgz",
      "integrity": "sha512-ax4j8VrdFQ/xc3W7Om0u1vnDxVApQHKsChBbAMynCrnycZmpbqK4MZu4ZkycT+mx2eccCiqZROpbzDbEdPosEw==",
      "cpu": [
        "x64"
      ],
      "optional": true,
      "os": [
        "freebsd"
      ],
      "engines": {
        "node": ">= 10"
      }
    },
    "node_modules/@next/swc-linux-arm-gnueabihf": {
      "version": "13.1.2",
      "resolved": "https://registry.npmjs.org/@next/swc-linux-arm-gnueabihf/-/swc-linux-arm-gnueabihf-13.1.2.tgz",
      "integrity": "sha512-NcRHTesnCxnUvSJa637PQJffBBkmqi5XS/xVWGY7dI6nyJ+pC96Oj7kd+mcjnFUQI5lHKbg39qBWKtOzbezc4w==",
      "cpu": [
        "arm"
      ],
      "optional": true,
      "os": [
        "linux"
      ],
      "engines": {
        "node": ">= 10"
      }
    },
    "node_modules/@next/swc-linux-arm64-gnu": {
      "version": "13.1.2",
      "resolved": "https://registry.npmjs.org/@next/swc-linux-arm64-gnu/-/swc-linux-arm64-gnu-13.1.2.tgz",
      "integrity": "sha512-AxJdjocLtPrsBY4P2COSBIc3crT5bpjgGenNuINoensOlXhBkYM0aRDYZdydwXOhG+kN2ngUvfgitop9pa204w==",
      "cpu": [
        "arm64"
      ],
      "optional": true,
      "os": [
        "linux"
      ],
      "engines": {
        "node": ">= 10"
      }
    },
    "node_modules/@next/swc-linux-arm64-musl": {
      "version": "13.1.2",
      "resolved": "https://registry.npmjs.org/@next/swc-linux-arm64-musl/-/swc-linux-arm64-musl-13.1.2.tgz",
      "integrity": "sha512-JmNimDkcCRq7P5zpkdqeaSZ69qKDntEPtyIaMNWqy5M0WUJxGim0Fs6Qzxayiyvuuh9Guxks4woQ/j/ZvX/c8Q==",
      "cpu": [
        "arm64"
      ],
      "optional": true,
      "os": [
        "linux"
      ],
      "engines": {
        "node": ">= 10"
      }
    },
    "node_modules/@next/swc-linux-x64-gnu": {
      "version": "13.1.2",
      "resolved": "https://registry.npmjs.org/@next/swc-linux-x64-gnu/-/swc-linux-x64-gnu-13.1.2.tgz",
      "integrity": "sha512-TsLsjZwUlgmvI42neTuIoD6K9RlXCUzqPtvIClgXxVO0um0DiZwK+M+0zX/uVXhMVphfPY2c5YeR1zFSIONY4A==",
      "cpu": [
        "x64"
      ],
      "optional": true,
      "os": [
        "linux"
      ],
      "engines": {
        "node": ">= 10"
      }
    },
    "node_modules/@next/swc-linux-x64-musl": {
      "version": "13.1.2",
      "resolved": "https://registry.npmjs.org/@next/swc-linux-x64-musl/-/swc-linux-x64-musl-13.1.2.tgz",
      "integrity": "sha512-eSkyXgCXydEFPTkcncQOGepafedPte6JT/OofB9uvruucrrMVBagCASOuPxodWEMrlfEKSXVnExMKIlfmQMD7A==",
      "cpu": [
        "x64"
      ],
      "optional": true,
      "os": [
        "linux"
      ],
      "engines": {
        "node": ">= 10"
      }
    },
    "node_modules/@next/swc-win32-arm64-msvc": {
      "version": "13.1.2",
      "resolved": "https://registry.npmjs.org/@next/swc-win32-arm64-msvc/-/swc-win32-arm64-msvc-13.1.2.tgz",
      "integrity": "sha512-DmXFaRTgt2KrV9dmRLifDJE+cYiutHVFIw5/C9BtnwXH39uf3YbPxeD98vNrtqqqZVVLXY/1ySaSIwzYnqeY9g==",
      "cpu": [
        "arm64"
      ],
      "optional": true,
      "os": [
        "win32"
      ],
      "engines": {
        "node": ">= 10"
      }
    },
    "node_modules/@next/swc-win32-ia32-msvc": {
      "version": "13.1.2",
      "resolved": "https://registry.npmjs.org/@next/swc-win32-ia32-msvc/-/swc-win32-ia32-msvc-13.1.2.tgz",
      "integrity": "sha512-3+nBkuFs/wT+lmRVQNH5SyDT7I4vUlNPntosEaEP63FuYQdPLaxz0GvcR66MdFSFh2fsvazpe4wciOwVS4FItQ==",
      "cpu": [
        "ia32"
      ],
      "optional": true,
      "os": [
        "win32"
      ],
      "engines": {
        "node": ">= 10"
      }
    },
    "node_modules/@next/swc-win32-x64-msvc": {
      "version": "13.1.2",
      "resolved": "https://registry.npmjs.org/@next/swc-win32-x64-msvc/-/swc-win32-x64-msvc-13.1.2.tgz",
      "integrity": "sha512-avsyveEvcvH42PvKjR4Pb8JlLttuGURr2H3ZhS2b85pHOiZ7yjH3rMUoGnNzuLMApyxYaCvd4MedPrLhnNhkog==",
      "cpu": [
        "x64"
      ],
      "optional": true,
      "os": [
        "win32"
      ],
      "engines": {
        "node": ">= 10"
      }
    },
    "node_modules/@popperjs/core": {
      "version": "2.11.6",
      "resolved": "https://registry.npmjs.org/@popperjs/core/-/core-2.11.6.tgz",
      "integrity": "sha512-50/17A98tWUfQ176raKiOGXuYpLyyVMkxxG6oylzL3BPOlA6ADGdK7EYunSa4I064xerltq9TGXs8HmOk5E+vw==",
      "funding": {
        "type": "opencollective",
        "url": "https://opencollective.com/popperjs"
      }
    },
    "node_modules/@react-aria/ssr": {
      "version": "3.4.1",
      "resolved": "https://registry.npmjs.org/@react-aria/ssr/-/ssr-3.4.1.tgz",
      "integrity": "sha512-NmhoilMDyIfQiOSdQgxpVH2tC2u85Y0mVijtBNbI9kcDYLEiW/r6vKYVKtkyU+C4qobXhGMPfZ70PTc0lysSVA==",
      "dependencies": {
        "@swc/helpers": "^0.4.14"
      },
      "peerDependencies": {
        "react": "^16.8.0 || ^17.0.0-rc.1 || ^18.0.0"
      }
    },
    "node_modules/@restart/hooks": {
      "version": "0.4.7",
      "resolved": "https://registry.npmjs.org/@restart/hooks/-/hooks-0.4.7.tgz",
      "integrity": "sha512-ZbjlEHcG+FQtpDPHd7i4FzNNvJf2enAwZfJbpM8CW7BhmOAbsHpZe3tsHwfQUrBuyrxWqPYp2x5UMnilWcY22A==",
      "dependencies": {
        "dequal": "^2.0.2"
      },
      "peerDependencies": {
        "react": ">=16.8.0"
      }
    },
    "node_modules/@restart/ui": {
      "version": "1.4.1",
      "resolved": "https://registry.npmjs.org/@restart/ui/-/ui-1.4.1.tgz",
      "integrity": "sha512-J7wFOx2DcmkBqCqiZgDsggLO7faiNh4Nv1/v80FmbRgP+MYpwaVDKKXLC69DA4+ejgNIsBP5ORtC74EZqO1j8A==",
      "dependencies": {
        "@babel/runtime": "^7.18.3",
        "@popperjs/core": "^2.11.5",
        "@react-aria/ssr": "^3.2.0",
        "@restart/hooks": "^0.4.7",
        "@types/warning": "^3.0.0",
        "dequal": "^2.0.2",
        "dom-helpers": "^5.2.0",
        "uncontrollable": "^7.2.1",
        "warning": "^4.0.3"
      },
      "peerDependencies": {
        "react": ">=16.14.0",
        "react-dom": ">=16.14.0"
      }
    },
    "node_modules/@swc/helpers": {
      "version": "0.4.14",
      "resolved": "https://registry.npmjs.org/@swc/helpers/-/helpers-0.4.14.tgz",
      "integrity": "sha512-4C7nX/dvpzB7za4Ql9K81xK3HPxCpHMgwTZVyf+9JQ6VUbn9jjZVN7/Nkdz/Ugzs2CSjqnL/UPXroiVBVHUWUw==",
      "dependencies": {
        "tslib": "^2.4.0"
      }
    },
    "node_modules/@types/prop-types": {
      "version": "15.7.5",
      "resolved": "https://registry.npmjs.org/@types/prop-types/-/prop-types-15.7.5.tgz",
      "integrity": "sha512-JCB8C6SnDoQf0cNycqd/35A7MjcnK+ZTqE7judS6o7utxUCg6imJg3QK2qzHKszlTjcj2cn+NwMB2i96ubpj7w=="
    },
    "node_modules/@types/react": {
      "version": "18.0.26",
      "resolved": "https://registry.npmjs.org/@types/react/-/react-18.0.26.tgz",
      "integrity": "sha512-hCR3PJQsAIXyxhTNSiDFY//LhnMZWpNNr5etoCqx/iUfGc5gXWtQR2Phl908jVR6uPXacojQWTg4qRpkxTuGug==",
      "dependencies": {
        "@types/prop-types": "*",
        "@types/scheduler": "*",
        "csstype": "^3.0.2"
      }
    },
    "node_modules/@types/react-transition-group": {
      "version": "4.4.5",
      "resolved": "https://registry.npmjs.org/@types/react-transition-group/-/react-transition-group-4.4.5.tgz",
      "integrity": "sha512-juKD/eiSM3/xZYzjuzH6ZwpP+/lejltmiS3QEzV/vmb/Q8+HfDmxu+Baga8UEMGBqV88Nbg4l2hY/K2DkyaLLA==",
      "dependencies": {
        "@types/react": "*"
      }
    },
    "node_modules/@types/scheduler": {
      "version": "0.16.2",
      "resolved": "https://registry.npmjs.org/@types/scheduler/-/scheduler-0.16.2.tgz",
      "integrity": "sha512-hppQEBDmlwhFAXKJX2KnWLYu5yMfi91yazPb2l+lbJiwW+wdo1gNeRA+3RgNSO39WYX2euey41KEwnqesU2Jew=="
    },
    "node_modules/@types/warning": {
      "version": "3.0.0",
      "resolved": "https://registry.npmjs.org/@types/warning/-/warning-3.0.0.tgz",
      "integrity": "sha512-t/Tvs5qR47OLOr+4E9ckN8AmP2Tf16gWq+/qA4iUGS/OOyHVO8wv2vjJuX8SNOUTJyWb+2t7wJm6cXILFnOROA=="
    },
    "node_modules/bootstrap": {
      "version": "5.2.3",
      "resolved": "https://registry.npmjs.org/bootstrap/-/bootstrap-5.2.3.tgz",
      "integrity": "sha512-cEKPM+fwb3cT8NzQZYEu4HilJ3anCrWqh3CHAok1p9jXqMPsPTBhU25fBckEJHJ/p+tTxTFTsFQGM+gaHpi3QQ==",
      "funding": [
        {
          "type": "github",
          "url": "https://github.com/sponsors/twbs"
        },
        {
          "type": "opencollective",
          "url": "https://opencollective.com/bootstrap"
        }
      ],
      "peerDependencies": {
        "@popperjs/core": "^2.11.6"
      }
    },
    "node_modules/caniuse-lite": {
      "version": "1.0.30001445",
      "resolved": "https://registry.npmjs.org/caniuse-lite/-/caniuse-lite-1.0.30001445.tgz",
      "integrity": "sha512-8sdQIdMztYmzfTMO6KfLny878Ln9c2M0fc7EH60IjlP4Dc4PiCy7K2Vl3ITmWgOyPgVQKa5x+UP/KqFsxj4mBg==",
      "funding": [
        {
          "type": "opencollective",
          "url": "https://opencollective.com/browserslist"
        },
        {
          "type": "tidelift",
          "url": "https://tidelift.com/funding/github/npm/caniuse-lite"
        }
      ]
    },
    "node_modules/classnames": {
      "version": "2.3.2",
      "resolved": "https://registry.npmjs.org/classnames/-/classnames-2.3.2.tgz",
      "integrity": "sha512-CSbhY4cFEJRe6/GQzIk5qXZ4Jeg5pcsP7b5peFSDpffpe1cqjASH/n9UTjBwOp6XpMSTwQ8Za2K5V02ueA7Tmw=="
    },
    "node_modules/client-only": {
      "version": "0.0.1",
      "resolved": "https://registry.npmjs.org/client-only/-/client-only-0.0.1.tgz",
      "integrity": "sha512-IV3Ou0jSMzZrd3pZ48nLkT9DA7Ag1pnPzaiQhpW7c3RbcqqzvzzVu+L8gfqMp/8IM2MQtSiqaCxrrcfu8I8rMA=="
    },
    "node_modules/csstype": {
      "version": "3.1.1",
      "resolved": "https://registry.npmjs.org/csstype/-/csstype-3.1.1.tgz",
      "integrity": "sha512-DJR/VvkAvSZW9bTouZue2sSxDwdTN92uHjqeKVm+0dAqdfNykRzQ95tay8aXMBAAPpUiq4Qcug2L7neoRh2Egw=="
    },
    "node_modules/dequal": {
      "version": "2.0.3",
      "resolved": "https://registry.npmjs.org/dequal/-/dequal-2.0.3.tgz",
      "integrity": "sha512-0je+qPKHEMohvfRTCEo3CrPG6cAzAYgmzKyxRiYSSDkS6eGJdyVJm7WaYA5ECaAD9wLB2T4EEeymA5aFVcYXCA==",
      "engines": {
        "node": ">=6"
      }
    },
    "node_modules/dom-helpers": {
      "version": "5.2.1",
      "resolved": "https://registry.npmjs.org/dom-helpers/-/dom-helpers-5.2.1.tgz",
      "integrity": "sha512-nRCa7CK3VTrM2NmGkIy4cbK7IZlgBE/PYMn55rrXefr5xXDP0LdtfPnblFDoVdcAfslJ7or6iqAUnx0CCGIWQA==",
      "dependencies": {
        "@babel/runtime": "^7.8.7",
        "csstype": "^3.0.2"
      }
    },
    "node_modules/invariant": {
      "version": "2.2.4",
      "resolved": "https://registry.npmjs.org/invariant/-/invariant-2.2.4.tgz",
      "integrity": "sha512-phJfQVBuaJM5raOpJjSfkiD6BpbCE4Ns//LaXl6wGYtUBY83nWS6Rf9tXm2e8VaK60JEjYldbPif/A2B1C2gNA==",
      "dependencies": {
        "loose-envify": "^1.0.0"
      }
    },
    "node_modules/js-tokens": {
      "version": "4.0.0",
      "resolved": "https://registry.npmjs.org/js-tokens/-/js-tokens-4.0.0.tgz",
      "integrity": "sha512-RdJUflcE3cUzKiMqQgsCu06FPu9UdIJO0beYbPhHN4k6apgJtifcoCtT9bcxOpYBtpD2kCM6Sbzg4CausW/PKQ=="
    },
    "node_modules/loose-envify": {
      "version": "1.4.0",
      "resolved": "https://registry.npmjs.org/loose-envify/-/loose-envify-1.4.0.tgz",
      "integrity": "sha512-lyuxPGr/Wfhrlem2CL/UcnUc1zcqKAImBDzukY7Y5F/yQiNdko6+fRLevlw1HgMySw7f611UIY408EtxRSoK3Q==",
      "dependencies": {
        "js-tokens": "^3.0.0 || ^4.0.0"
      },
      "bin": {
        "loose-envify": "cli.js"
      }
    },
    "node_modules/nanoid": {
      "version": "3.3.4",
      "resolved": "https://registry.npmjs.org/nanoid/-/nanoid-3.3.4.tgz",
      "integrity": "sha512-MqBkQh/OHTS2egovRtLk45wEyNXwF+cokD+1YPf9u5VfJiRdAiRwB2froX5Co9Rh20xs4siNPm8naNotSD6RBw==",
      "bin": {
        "nanoid": "bin/nanoid.cjs"
      },
      "engines": {
        "node": "^10 || ^12 || ^13.7 || ^14 || >=15.0.1"
      }
    },
    "node_modules/next": {
      "version": "13.1.2",
      "resolved": "https://registry.npmjs.org/next/-/next-13.1.2.tgz",
      "integrity": "sha512-Rdnnb2YH///w78FEOR/IQ6TXga+qpth4OqFSem48ng1PYYKr6XBsIk1XVaRcIGM3o6iiHnun0nJvkJHDf+ICyQ==",
      "dependencies": {
        "@next/env": "13.1.2",
        "@swc/helpers": "0.4.14",
        "caniuse-lite": "^1.0.30001406",
        "postcss": "8.4.14",
        "styled-jsx": "5.1.1"
      },
      "bin": {
        "next": "dist/bin/next"
      },
      "engines": {
        "node": ">=14.6.0"
      },
      "optionalDependencies": {
        "@next/swc-android-arm-eabi": "13.1.2",
        "@next/swc-android-arm64": "13.1.2",
        "@next/swc-darwin-arm64": "13.1.2",
        "@next/swc-darwin-x64": "13.1.2",
        "@next/swc-freebsd-x64": "13.1.2",
        "@next/swc-linux-arm-gnueabihf": "13.1.2",
        "@next/swc-linux-arm64-gnu": "13.1.2",
        "@next/swc-linux-arm64-musl": "13.1.2",
        "@next/swc-linux-x64-gnu": "13.1.2",
        "@next/swc-linux-x64-musl": "13.1.2",
        "@next/swc-win32-arm64-msvc": "13.1.2",
        "@next/swc-win32-ia32-msvc": "13.1.2",
        "@next/swc-win32-x64-msvc": "13.1.2"
      },
      "peerDependencies": {
        "fibers": ">= 3.1.0",
        "node-sass": "^6.0.0 || ^7.0.0",
        "react": "^18.2.0",
        "react-dom": "^18.2.0",
        "sass": "^1.3.0"
      },
      "peerDependenciesMeta": {
        "fibers": {
          "optional": true
        },
        "node-sass": {
          "optional": true
        },
        "sass": {
          "optional": true
        }
      }
    },
    "node_modules/object-assign": {
      "version": "4.1.1",
      "resolved": "https://registry.npmjs.org/object-assign/-/object-assign-4.1.1.tgz",
      "integrity": "sha512-rJgTQnkUnH1sFw8yT6VSU3zD3sWmu6sZhIseY8VX+GRu3P6F7Fu+JNDoXfklElbLJSnc3FUQHVe4cU5hj+BcUg==",
      "engines": {
        "node": ">=0.10.0"
      }
    },
    "node_modules/picocolors": {
      "version": "1.0.0",
      "resolved": "https://registry.npmjs.org/picocolors/-/picocolors-1.0.0.tgz",
      "integrity": "sha512-1fygroTLlHu66zi26VoTDv8yRgm0Fccecssto+MhsZ0D/DGW2sm8E8AjW7NU5VVTRt5GxbeZ5qBuJr+HyLYkjQ=="
    },
    "node_modules/postcss": {
      "version": "8.4.14",
      "resolved": "https://registry.npmjs.org/postcss/-/postcss-8.4.14.tgz",
      "integrity": "sha512-E398TUmfAYFPBSdzgeieK2Y1+1cpdxJx8yXbK/m57nRhKSmk1GB2tO4lbLBtlkfPQTDKfe4Xqv1ASWPpayPEig==",
      "funding": [
        {
          "type": "opencollective",
          "url": "https://opencollective.com/postcss/"
        },
        {
          "type": "tidelift",
          "url": "https://tidelift.com/funding/github/npm/postcss"
        }
      ],
      "dependencies": {
        "nanoid": "^3.3.4",
        "picocolors": "^1.0.0",
        "source-map-js": "^1.0.2"
      },
      "engines": {
        "node": "^10 || ^12 || >=14"
      }
    },
    "node_modules/prop-types": {
      "version": "15.8.1",
      "resolved": "https://registry.npmjs.org/prop-types/-/prop-types-15.8.1.tgz",
      "integrity": "sha512-oj87CgZICdulUohogVAR7AjlC0327U4el4L6eAvOqCeudMDVU0NThNaV+b9Df4dXgSP1gXMTnPdhfe/2qDH5cg==",
      "dependencies": {
        "loose-envify": "^1.4.0",
        "object-assign": "^4.1.1",
        "react-is": "^16.13.1"
      }
    },
    "node_modules/prop-types-extra": {
      "version": "1.1.1",
      "resolved": "https://registry.npmjs.org/prop-types-extra/-/prop-types-extra-1.1.1.tgz",
      "integrity": "sha512-59+AHNnHYCdiC+vMwY52WmvP5dM3QLeoumYuEyceQDi9aEhtwN9zIQ2ZNo25sMyXnbh32h+P1ezDsUpUH3JAew==",
      "dependencies": {
        "react-is": "^16.3.2",
        "warning": "^4.0.0"
      },
      "peerDependencies": {
        "react": ">=0.14.0"
      }
    },
    "node_modules/react": {
      "version": "18.2.0",
      "resolved": "https://registry.npmjs.org/react/-/react-18.2.0.tgz",
      "integrity": "sha512-/3IjMdb2L9QbBdWiW5e3P2/npwMBaU9mHCSCUzNln0ZCYbcfTsGbTJrU/kGemdH2IWmB2ioZ+zkxtmq6g09fGQ==",
      "dependencies": {
        "loose-envify": "^1.1.0"
      },
      "engines": {
        "node": ">=0.10.0"
      }
    },
    "node_modules/react-bootstrap": {
      "version": "2.7.0",
      "resolved": "https://registry.npmjs.org/react-bootstrap/-/react-bootstrap-2.7.0.tgz",
      "integrity": "sha512-Jcrn6aUuRVBeSB6dzKODKZU1TONOdhAxu0IDm4Sv74SJUm98dMdhSotF2SNvFEADANoR+stV+7TK6SNX1wWu5w==",
      "dependencies": {
        "@babel/runtime": "^7.17.2",
        "@restart/hooks": "^0.4.6",
        "@restart/ui": "^1.4.1",
        "@types/react-transition-group": "^4.4.4",
        "classnames": "^2.3.1",
        "dom-helpers": "^5.2.1",
        "invariant": "^2.2.4",
        "prop-types": "^15.8.1",
        "prop-types-extra": "^1.1.0",
        "react-transition-group": "^4.4.2",
        "uncontrollable": "^7.2.1",
        "warning": "^4.0.3"
      },
      "peerDependencies": {
        "@types/react": ">=16.14.8",
        "react": ">=16.14.0",
        "react-dom": ">=16.14.0"
      },
      "peerDependenciesMeta": {
        "@types/react": {
          "optional": true
        }
      }
    },
    "node_modules/react-dom": {
      "version": "18.2.0",
      "resolved": "https://registry.npmjs.org/react-dom/-/react-dom-18.2.0.tgz",
      "integrity": "sha512-6IMTriUmvsjHUjNtEDudZfuDQUoWXVxKHhlEGSk81n4YFS+r/Kl99wXiwlVXtPBtJenozv2P+hxDsw9eA7Xo6g==",
      "dependencies": {
        "loose-envify": "^1.1.0",
        "scheduler": "^0.23.0"
      },
      "peerDependencies": {
        "react": "^18.2.0"
      }
    },
    "node_modules/react-is": {
      "version": "16.13.1",
      "resolved": "https://registry.npmjs.org/react-is/-/react-is-16.13.1.tgz",
      "integrity": "sha512-24e6ynE2H+OKt4kqsOvNd8kBpV65zoxbA4BVsEOB3ARVWQki/DHzaUoC5KuON/BiccDaCCTZBuOcfZs70kR8bQ=="
    },
    "node_modules/react-lifecycles-compat": {
      "version": "3.0.4",
      "resolved": "https://registry.npmjs.org/react-lifecycles-compat/-/react-lifecycles-compat-3.0.4.tgz",
      "integrity": "sha512-fBASbA6LnOU9dOU2eW7aQ8xmYBSXUIWr+UmF9b1efZBazGNO+rcXT/icdKnYm2pTwcRylVUYwW7H1PHfLekVzA=="
    },
    "node_modules/react-transition-group": {
      "version": "4.4.5",
      "resolved": "https://registry.npmjs.org/react-transition-group/-/react-transition-group-4.4.5.tgz",
      "integrity": "sha512-pZcd1MCJoiKiBR2NRxeCRg13uCXbydPnmB4EOeRrY7480qNWO8IIgQG6zlDkm6uRMsURXPuKq0GWtiM59a5Q6g==",
      "dependencies": {
        "@babel/runtime": "^7.5.5",
        "dom-helpers": "^5.0.1",
        "loose-envify": "^1.4.0",
        "prop-types": "^15.6.2"
      },
      "peerDependencies": {
        "react": ">=16.6.0",
        "react-dom": ">=16.6.0"
      }
    },
    "node_modules/regenerator-runtime": {
      "version": "0.13.11",
      "resolved": "https://registry.npmjs.org/regenerator-runtime/-/regenerator-runtime-0.13.11.tgz",
      "integrity": "sha512-kY1AZVr2Ra+t+piVaJ4gxaFaReZVH40AKNo7UCX6W+dEwBo/2oZJzqfuN1qLq1oL45o56cPaTXELwrTh8Fpggg=="
    },
    "node_modules/scheduler": {
      "version": "0.23.0",
      "resolved": "https://registry.npmjs.org/scheduler/-/scheduler-0.23.0.tgz",
      "integrity": "sha512-CtuThmgHNg7zIZWAXi3AsyIzA3n4xx7aNyjwC2VJldO2LMVDhFK+63xGqq6CsJH4rTAt6/M+N4GhZiDYPx9eUw==",
      "dependencies": {
        "loose-envify": "^1.1.0"
      }
    },
    "node_modules/source-map-js": {
      "version": "1.0.2",
      "resolved": "https://registry.npmjs.org/source-map-js/-/source-map-js-1.0.2.tgz",
      "integrity": "sha512-R0XvVJ9WusLiqTCEiGCmICCMplcCkIwwR11mOSD9CR5u+IXYdiseeEuXCVAjS54zqwkLcPNnmU4OeJ6tUrWhDw==",
      "engines": {
        "node": ">=0.10.0"
      }
    },
    "node_modules/styled-jsx": {
      "version": "5.1.1",
      "resolved": "https://registry.npmjs.org/styled-jsx/-/styled-jsx-5.1.1.tgz",
      "integrity": "sha512-pW7uC1l4mBZ8ugbiZrcIsiIvVx1UmTfw7UkC3Um2tmfUq9Bhk8IiyEIPl6F8agHgjzku6j0xQEZbfA5uSgSaCw==",
      "dependencies": {
        "client-only": "0.0.1"
      },
      "engines": {
        "node": ">= 12.0.0"
      },
      "peerDependencies": {
        "react": ">= 16.8.0 || 17.x.x || ^18.0.0-0"
      },
      "peerDependenciesMeta": {
        "@babel/core": {
          "optional": true
        },
        "babel-plugin-macros": {
          "optional": true
        }
      }
    },
    "node_modules/tslib": {
      "version": "2.4.1",
      "resolved": "https://registry.npmjs.org/tslib/-/tslib-2.4.1.tgz",
      "integrity": "sha512-tGyy4dAjRIEwI7BzsB0lynWgOpfqjUdq91XXAlIWD2OwKBH7oCl/GZG/HT4BOHrTlPMOASlMQ7veyTqpmRcrNA=="
    },
    "node_modules/uncontrollable": {
      "version": "7.2.1",
      "resolved": "https://registry.npmjs.org/uncontrollable/-/uncontrollable-7.2.1.tgz",
      "integrity": "sha512-svtcfoTADIB0nT9nltgjujTi7BzVmwjZClOmskKu/E8FW9BXzg9os8OLr4f8Dlnk0rYWJIWr4wv9eKUXiQvQwQ==",
      "dependencies": {
        "@babel/runtime": "^7.6.3",
        "@types/react": ">=16.9.11",
        "invariant": "^2.2.4",
        "react-lifecycles-compat": "^3.0.4"
      },
      "peerDependencies": {
        "react": ">=15.0.0"
      }
    },
    "node_modules/warning": {
      "version": "4.0.3",
      "resolved": "https://registry.npmjs.org/warning/-/warning-4.0.3.tgz",
      "integrity": "sha512-rpJyN222KWIvHJ/F53XSZv0Zl/accqHR8et1kpaMTD/fLCRxtV8iX8czMzY7sVZupTI3zcUTg8eycS2kNF9l6w==",
      "dependencies": {
        "loose-envify": "^1.0.0"
      }
    }
  },
  "dependencies": {
    "@babel/runtime": {
      "version": "7.20.7",
      "resolved": "https://registry.npmjs.org/@babel/runtime/-/runtime-7.20.7.tgz",
      "integrity": "sha512-UF0tvkUtxwAgZ5W/KrkHf0Rn0fdnLDU9ScxBrEVNUprE/MzirjK4MJUX1/BVDv00Sv8cljtukVK1aky++X1SjQ==",
      "requires": {
        "regenerator-runtime": "^0.13.11"
      }
    },
    "@next/env": {
      "version": "13.1.2",
      "resolved": "https://registry.npmjs.org/@next/env/-/env-13.1.2.tgz",
      "integrity": "sha512-PpT4UZIX66VMTqXt4HKEJ+/PwbS+tWmmhZlazaws1a+dbUA5pPdjntQ46Jvj616i3ZKN9doS9LHx3y50RLjAWg=="
    },
    "@next/font": {
      "version": "13.1.2",
      "resolved": "https://registry.npmjs.org/@next/font/-/font-13.1.2.tgz",
      "integrity": "sha512-NXGXGFGiOKEnvBIHq9cdFTKbHO2/4B3Zd9K27M7j1DioIQVar7oVRqZMYs0h3XMVEZLwjjkdAtqRPCzzd3RtXg=="
    },
    "@next/swc-android-arm-eabi": {
      "version": "13.1.2",
      "resolved": "https://registry.npmjs.org/@next/swc-android-arm-eabi/-/swc-android-arm-eabi-13.1.2.tgz",
      "integrity": "sha512-7mRz1owoGsbfIcdOJA3kk7KEwPZ+OvVT1z9DkR/yru4QdVLF69h/1SHy0vlUNQMxDRllabhxCfkoZCB34GOGAg==",
      "optional": true
    },
    "@next/swc-android-arm64": {
      "version": "13.1.2",
      "resolved": "https://registry.npmjs.org/@next/swc-android-arm64/-/swc-android-arm64-13.1.2.tgz",
      "integrity": "sha512-mgjZ2eJSayovQm1LcE54BLSI4jjnnnLtq5GY5g+DdPuUiCT644gKtjZ/w2BQvuIecCqqBO+Ph9yzo/wUTq7NLg==",
      "optional": true
    },
    "@next/swc-darwin-arm64": {
      "version": "13.1.2",
      "resolved": "https://registry.npmjs.org/@next/swc-darwin-arm64/-/swc-darwin-arm64-13.1.2.tgz",
      "integrity": "sha512-RikoQqy109r2222UJlyGs4dZw2BibkfPqpeFdW5JEGv+L2PStlHID8DwyVYbmHfQ0VIBGvbf/NAUtFakAWlhwg==",
      "optional": true
    },
    "@next/swc-darwin-x64": {
      "version": "13.1.2",
      "resolved": "https://registry.npmjs.org/@next/swc-darwin-x64/-/swc-darwin-x64-13.1.2.tgz",
      "integrity": "sha512-JbDZjaTvL8gyPC5TAH6OnD4jmXPkyUxRYPvu08ZmhT/XAFBb/Cso0BdXyDax/BPCG70mimP9d3hXNKNq+A0VtQ==",
      "optional": true
    },
    "@next/swc-freebsd-x64": {
      "version": "13.1.2",
      "resolved": "https://registry.npmjs.org/@next/swc-freebsd-x64/-/swc-freebsd-x64-13.1.2.tgz",
      "integrity": "sha512-ax4j8VrdFQ/xc3W7Om0u1vnDxVApQHKsChBbAMynCrnycZmpbqK4MZu4ZkycT+mx2eccCiqZROpbzDbEdPosEw==",
      "optional": true
    },
    "@next/swc-linux-arm-gnueabihf": {
      "version": "13.1.2",
      "resolved": "https://registry.npmjs.org/@next/swc-linux-arm-gnueabihf/-/swc-linux-arm-gnueabihf-13.1.2.tgz",
      "integrity": "sha512-NcRHTesnCxnUvSJa637PQJffBBkmqi5XS/xVWGY7dI6nyJ+pC96Oj7kd+mcjnFUQI5lHKbg39qBWKtOzbezc4w==",
      "optional": true
    },
    "@next/swc-linux-arm64-gnu": {
      "version": "13.1.2",
      "resolved": "https://registry.npmjs.org/@next/swc-linux-arm64-gnu/-/swc-linux-arm64-gnu-13.1.2.tgz",
      "integrity": "sha512-AxJdjocLtPrsBY4P2COSBIc3crT5bpjgGenNuINoensOlXhBkYM0aRDYZdydwXOhG+kN2ngUvfgitop9pa204w==",
      "optional": true
    },
    "@next/swc-linux-arm64-musl": {
      "version": "13.1.2",
      "resolved": "https://registry.npmjs.org/@next/swc-linux-arm64-musl/-/swc-linux-arm64-musl-13.1.2.tgz",
      "integrity": "sha512-JmNimDkcCRq7P5zpkdqeaSZ69qKDntEPtyIaMNWqy5M0WUJxGim0Fs6Qzxayiyvuuh9Guxks4woQ/j/ZvX/c8Q==",
      "optional": true
    },
    "@next/swc-linux-x64-gnu": {
      "version": "13.1.2",
      "resolved": "https://registry.npmjs.org/@next/swc-linux-x64-gnu/-/swc-linux-x64-gnu-13.1.2.tgz",
      "integrity": "sha512-TsLsjZwUlgmvI42neTuIoD6K9RlXCUzqPtvIClgXxVO0um0DiZwK+M+0zX/uVXhMVphfPY2c5YeR1zFSIONY4A==",
      "optional": true
    },
    "@next/swc-linux-x64-musl": {
      "version": "13.1.2",
      "resolved": "https://registry.npmjs.org/@next/swc-linux-x64-musl/-/swc-linux-x64-musl-13.1.2.tgz",
      "integrity": "sha512-eSkyXgCXydEFPTkcncQOGepafedPte6JT/OofB9uvruucrrMVBagCASOuPxodWEMrlfEKSXVnExMKIlfmQMD7A==",
      "optional": true
    },
    "@next/swc-win32-arm64-msvc": {
      "version": "13.1.2",
      "resolved": "https://registry.npmjs.org/@next/swc-win32-arm64-msvc/-/swc-win32-arm64-msvc-13.1.2.tgz",
      "integrity": "sha512-DmXFaRTgt2KrV9dmRLifDJE+cYiutHVFIw5/C9BtnwXH39uf3YbPxeD98vNrtqqqZVVLXY/1ySaSIwzYnqeY9g==",
      "optional": true
    },
    "@next/swc-win32-ia32-msvc": {
      "version": "13.1.2",
      "resolved": "https://registry.npmjs.org/@next/swc-win32-ia32-msvc/-/swc-win32-ia32-msvc-13.1.2.tgz",
      "integrity": "sha512-3+nBkuFs/wT+lmRVQNH5SyDT7I4vUlNPntosEaEP63FuYQdPLaxz0GvcR66MdFSFh2fsvazpe4wciOwVS4FItQ==",
      "optional": true
    },
    "@next/swc-win32-x64-msvc": {
      "version": "13.1.2",
      "resolved": "https://registry.npmjs.org/@next/swc-win32-x64-msvc/-/swc-win32-x64-msvc-13.1.2.tgz",
      "integrity": "sha512-avsyveEvcvH42PvKjR4Pb8JlLttuGURr2H3ZhS2b85pHOiZ7yjH3rMUoGnNzuLMApyxYaCvd4MedPrLhnNhkog==",
      "optional": true
    },
    "@popperjs/core": {
      "version": "2.11.6",
      "resolved": "https://registry.npmjs.org/@popperjs/core/-/core-2.11.6.tgz",
      "integrity": "sha512-50/17A98tWUfQ176raKiOGXuYpLyyVMkxxG6oylzL3BPOlA6ADGdK7EYunSa4I064xerltq9TGXs8HmOk5E+vw=="
    },
    "@react-aria/ssr": {
      "version": "3.4.1",
      "resolved": "https://registry.npmjs.org/@react-aria/ssr/-/ssr-3.4.1.tgz",
      "integrity": "sha512-NmhoilMDyIfQiOSdQgxpVH2tC2u85Y0mVijtBNbI9kcDYLEiW/r6vKYVKtkyU+C4qobXhGMPfZ70PTc0lysSVA==",
      "requires": {
        "@swc/helpers": "^0.4.14"
      }
    },
    "@restart/hooks": {
      "version": "0.4.7",
      "resolved": "https://registry.npmjs.org/@restart/hooks/-/hooks-0.4.7.tgz",
      "integrity": "sha512-ZbjlEHcG+FQtpDPHd7i4FzNNvJf2enAwZfJbpM8CW7BhmOAbsHpZe3tsHwfQUrBuyrxWqPYp2x5UMnilWcY22A==",
      "requires": {
        "dequal": "^2.0.2"
      }
    },
    "@restart/ui": {
      "version": "1.4.1",
      "resolved": "https://registry.npmjs.org/@restart/ui/-/ui-1.4.1.tgz",
      "integrity": "sha512-J7wFOx2DcmkBqCqiZgDsggLO7faiNh4Nv1/v80FmbRgP+MYpwaVDKKXLC69DA4+ejgNIsBP5ORtC74EZqO1j8A==",
      "requires": {
        "@babel/runtime": "^7.18.3",
        "@popperjs/core": "^2.11.5",
        "@react-aria/ssr": "^3.2.0",
        "@restart/hooks": "^0.4.7",
        "@types/warning": "^3.0.0",
        "dequal": "^2.0.2",
        "dom-helpers": "^5.2.0",
        "uncontrollable": "^7.2.1",
        "warning": "^4.0.3"
      }
    },
    "@swc/helpers": {
      "version": "0.4.14",
      "resolved": "https://registry.npmjs.org/@swc/helpers/-/helpers-0.4.14.tgz",
      "integrity": "sha512-4C7nX/dvpzB7za4Ql9K81xK3HPxCpHMgwTZVyf+9JQ6VUbn9jjZVN7/Nkdz/Ugzs2CSjqnL/UPXroiVBVHUWUw==",
      "requires": {
        "tslib": "^2.4.0"
      }
    },
    "@types/prop-types": {
      "version": "15.7.5",
      "resolved": "https://registry.npmjs.org/@types/prop-types/-/prop-types-15.7.5.tgz",
      "integrity": "sha512-JCB8C6SnDoQf0cNycqd/35A7MjcnK+ZTqE7judS6o7utxUCg6imJg3QK2qzHKszlTjcj2cn+NwMB2i96ubpj7w=="
    },
    "@types/react": {
      "version": "18.0.26",
      "resolved": "https://registry.npmjs.org/@types/react/-/react-18.0.26.tgz",
      "integrity": "sha512-hCR3PJQsAIXyxhTNSiDFY//LhnMZWpNNr5etoCqx/iUfGc5gXWtQR2Phl908jVR6uPXacojQWTg4qRpkxTuGug==",
      "requires": {
        "@types/prop-types": "*",
        "@types/scheduler": "*",
        "csstype": "^3.0.2"
      }
    },
    "@types/react-transition-group": {
      "version": "4.4.5",
      "resolved": "https://registry.npmjs.org/@types/react-transition-group/-/react-transition-group-4.4.5.tgz",
      "integrity": "sha512-juKD/eiSM3/xZYzjuzH6ZwpP+/lejltmiS3QEzV/vmb/Q8+HfDmxu+Baga8UEMGBqV88Nbg4l2hY/K2DkyaLLA==",
      "requires": {
        "@types/react": "*"
      }
    },
    "@types/scheduler": {
      "version": "0.16.2",
      "resolved": "https://registry.npmjs.org/@types/scheduler/-/scheduler-0.16.2.tgz",
      "integrity": "sha512-hppQEBDmlwhFAXKJX2KnWLYu5yMfi91yazPb2l+lbJiwW+wdo1gNeRA+3RgNSO39WYX2euey41KEwnqesU2Jew=="
    },
    "@types/warning": {
      "version": "3.0.0",
      "resolved": "https://registry.npmjs.org/@types/warning/-/warning-3.0.0.tgz",
      "integrity": "sha512-t/Tvs5qR47OLOr+4E9ckN8AmP2Tf16gWq+/qA4iUGS/OOyHVO8wv2vjJuX8SNOUTJyWb+2t7wJm6cXILFnOROA=="
    },
    "bootstrap": {
      "version": "5.2.3",
      "resolved": "https://registry.npmjs.org/bootstrap/-/bootstrap-5.2.3.tgz",
      "integrity": "sha512-cEKPM+fwb3cT8NzQZYEu4HilJ3anCrWqh3CHAok1p9jXqMPsPTBhU25fBckEJHJ/p+tTxTFTsFQGM+gaHpi3QQ==",
      "requires": {}
    },
    "caniuse-lite": {
      "version": "1.0.30001445",
      "resolved": "https://registry.npmjs.org/caniuse-lite/-/caniuse-lite-1.0.30001445.tgz",
      "integrity": "sha512-8sdQIdMztYmzfTMO6KfLny878Ln9c2M0fc7EH60IjlP4Dc4PiCy7K2Vl3ITmWgOyPgVQKa5x+UP/KqFsxj4mBg=="
    },
    "classnames": {
      "version": "2.3.2",
      "resolved": "https://registry.npmjs.org/classnames/-/classnames-2.3.2.tgz",
      "integrity": "sha512-CSbhY4cFEJRe6/GQzIk5qXZ4Jeg5pcsP7b5peFSDpffpe1cqjASH/n9UTjBwOp6XpMSTwQ8Za2K5V02ueA7Tmw=="
    },
    "client-only": {
      "version": "0.0.1",
      "resolved": "https://registry.npmjs.org/client-only/-/client-only-0.0.1.tgz",
      "integrity": "sha512-IV3Ou0jSMzZrd3pZ48nLkT9DA7Ag1pnPzaiQhpW7c3RbcqqzvzzVu+L8gfqMp/8IM2MQtSiqaCxrrcfu8I8rMA=="
    },
    "csstype": {
      "version": "3.1.1",
      "resolved": "https://registry.npmjs.org/csstype/-/csstype-3.1.1.tgz",
      "integrity": "sha512-DJR/VvkAvSZW9bTouZue2sSxDwdTN92uHjqeKVm+0dAqdfNykRzQ95tay8aXMBAAPpUiq4Qcug2L7neoRh2Egw=="
    },
    "dequal": {
      "version": "2.0.3",
      "resolved": "https://registry.npmjs.org/dequal/-/dequal-2.0.3.tgz",
      "integrity": "sha512-0je+qPKHEMohvfRTCEo3CrPG6cAzAYgmzKyxRiYSSDkS6eGJdyVJm7WaYA5ECaAD9wLB2T4EEeymA5aFVcYXCA=="
    },
    "dom-helpers": {
      "version": "5.2.1",
      "resolved": "https://registry.npmjs.org/dom-helpers/-/dom-helpers-5.2.1.tgz",
      "integrity": "sha512-nRCa7CK3VTrM2NmGkIy4cbK7IZlgBE/PYMn55rrXefr5xXDP0LdtfPnblFDoVdcAfslJ7or6iqAUnx0CCGIWQA==",
      "requires": {
        "@babel/runtime": "^7.8.7",
        "csstype": "^3.0.2"
      }
    },
    "invariant": {
      "version": "2.2.4",
      "resolved": "https://registry.npmjs.org/invariant/-/invariant-2.2.4.tgz",
      "integrity": "sha512-phJfQVBuaJM5raOpJjSfkiD6BpbCE4Ns//LaXl6wGYtUBY83nWS6Rf9tXm2e8VaK60JEjYldbPif/A2B1C2gNA==",
      "requires": {
        "loose-envify": "^1.0.0"
      }
    },
    "js-tokens": {
      "version": "4.0.0",
      "resolved": "https://registry.npmjs.org/js-tokens/-/js-tokens-4.0.0.tgz",
      "integrity": "sha512-RdJUflcE3cUzKiMqQgsCu06FPu9UdIJO0beYbPhHN4k6apgJtifcoCtT9bcxOpYBtpD2kCM6Sbzg4CausW/PKQ=="
    },
    "loose-envify": {
      "version": "1.4.0",
      "resolved": "https://registry.npmjs.org/loose-envify/-/loose-envify-1.4.0.tgz",
      "integrity": "sha512-lyuxPGr/Wfhrlem2CL/UcnUc1zcqKAImBDzukY7Y5F/yQiNdko6+fRLevlw1HgMySw7f611UIY408EtxRSoK3Q==",
      "requires": {
        "js-tokens": "^3.0.0 || ^4.0.0"
      }
    },
    "nanoid": {
      "version": "3.3.4",
      "resolved": "https://registry.npmjs.org/nanoid/-/nanoid-3.3.4.tgz",
      "integrity": "sha512-MqBkQh/OHTS2egovRtLk45wEyNXwF+cokD+1YPf9u5VfJiRdAiRwB2froX5Co9Rh20xs4siNPm8naNotSD6RBw=="
    },
    "next": {
      "version": "13.1.2",
      "resolved": "https://registry.npmjs.org/next/-/next-13.1.2.tgz",
      "integrity": "sha512-Rdnnb2YH///w78FEOR/IQ6TXga+qpth4OqFSem48ng1PYYKr6XBsIk1XVaRcIGM3o6iiHnun0nJvkJHDf+ICyQ==",
      "requires": {
        "@next/env": "13.1.2",
        "@next/swc-android-arm-eabi": "13.1.2",
        "@next/swc-android-arm64": "13.1.2",
        "@next/swc-darwin-arm64": "13.1.2",
        "@next/swc-darwin-x64": "13.1.2",
        "@next/swc-freebsd-x64": "13.1.2",
        "@next/swc-linux-arm-gnueabihf": "13.1.2",
        "@next/swc-linux-arm64-gnu": "13.1.2",
        "@next/swc-linux-arm64-musl": "13.1.2",
        "@next/swc-linux-x64-gnu": "13.1.2",
        "@next/swc-linux-x64-musl": "13.1.2",
        "@next/swc-win32-arm64-msvc": "13.1.2",
        "@next/swc-win32-ia32-msvc": "13.1.2",
        "@next/swc-win32-x64-msvc": "13.1.2",
        "@swc/helpers": "0.4.14",
        "caniuse-lite": "^1.0.30001406",
        "postcss": "8.4.14",
        "styled-jsx": "5.1.1"
      }
    },
    "object-assign": {
      "version": "4.1.1",
      "resolved": "https://registry.npmjs.org/object-assign/-/object-assign-4.1.1.tgz",
      "integrity": "sha512-rJgTQnkUnH1sFw8yT6VSU3zD3sWmu6sZhIseY8VX+GRu3P6F7Fu+JNDoXfklElbLJSnc3FUQHVe4cU5hj+BcUg=="
    },
    "picocolors": {
      "version": "1.0.0",
      "resolved": "https://registry.npmjs.org/picocolors/-/picocolors-1.0.0.tgz",
      "integrity": "sha512-1fygroTLlHu66zi26VoTDv8yRgm0Fccecssto+MhsZ0D/DGW2sm8E8AjW7NU5VVTRt5GxbeZ5qBuJr+HyLYkjQ=="
    },
    "postcss": {
      "version": "8.4.14",
      "resolved": "https://registry.npmjs.org/postcss/-/postcss-8.4.14.tgz",
      "integrity": "sha512-E398TUmfAYFPBSdzgeieK2Y1+1cpdxJx8yXbK/m57nRhKSmk1GB2tO4lbLBtlkfPQTDKfe4Xqv1ASWPpayPEig==",
      "requires": {
        "nanoid": "^3.3.4",
        "picocolors": "^1.0.0",
        "source-map-js": "^1.0.2"
      }
    },
    "prop-types": {
      "version": "15.8.1",
      "resolved": "https://registry.npmjs.org/prop-types/-/prop-types-15.8.1.tgz",
      "integrity": "sha512-oj87CgZICdulUohogVAR7AjlC0327U4el4L6eAvOqCeudMDVU0NThNaV+b9Df4dXgSP1gXMTnPdhfe/2qDH5cg==",
      "requires": {
        "loose-envify": "^1.4.0",
        "object-assign": "^4.1.1",
        "react-is": "^16.13.1"
      }
    },
    "prop-types-extra": {
      "version": "1.1.1",
      "resolved": "https://registry.npmjs.org/prop-types-extra/-/prop-types-extra-1.1.1.tgz",
      "integrity": "sha512-59+AHNnHYCdiC+vMwY52WmvP5dM3QLeoumYuEyceQDi9aEhtwN9zIQ2ZNo25sMyXnbh32h+P1ezDsUpUH3JAew==",
      "requires": {
        "react-is": "^16.3.2",
        "warning": "^4.0.0"
      }
    },
    "react": {
      "version": "18.2.0",
      "resolved": "https://registry.npmjs.org/react/-/react-18.2.0.tgz",
      "integrity": "sha512-/3IjMdb2L9QbBdWiW5e3P2/npwMBaU9mHCSCUzNln0ZCYbcfTsGbTJrU/kGemdH2IWmB2ioZ+zkxtmq6g09fGQ==",
      "requires": {
        "loose-envify": "^1.1.0"
      }
    },
    "react-bootstrap": {
      "version": "2.7.0",
      "resolved": "https://registry.npmjs.org/react-bootstrap/-/react-bootstrap-2.7.0.tgz",
      "integrity": "sha512-Jcrn6aUuRVBeSB6dzKODKZU1TONOdhAxu0IDm4Sv74SJUm98dMdhSotF2SNvFEADANoR+stV+7TK6SNX1wWu5w==",
      "requires": {
        "@babel/runtime": "^7.17.2",
        "@restart/hooks": "^0.4.6",
        "@restart/ui": "^1.4.1",
        "@types/react-transition-group": "^4.4.4",
        "classnames": "^2.3.1",
        "dom-helpers": "^5.2.1",
        "invariant": "^2.2.4",
        "prop-types": "^15.8.1",
        "prop-types-extra": "^1.1.0",
        "react-transition-group": "^4.4.2",
        "uncontrollable": "^7.2.1",
        "warning": "^4.0.3"
      }
    },
    "react-dom": {
      "version": "18.2.0",
      "resolved": "https://registry.npmjs.org/react-dom/-/react-dom-18.2.0.tgz",
      "integrity": "sha512-6IMTriUmvsjHUjNtEDudZfuDQUoWXVxKHhlEGSk81n4YFS+r/Kl99wXiwlVXtPBtJenozv2P+hxDsw9eA7Xo6g==",
      "requires": {
        "loose-envify": "^1.1.0",
        "scheduler": "^0.23.0"
      }
    },
    "react-is": {
      "version": "16.13.1",
      "resolved": "https://registry.npmjs.org/react-is/-/react-is-16.13.1.tgz",
      "integrity": "sha512-24e6ynE2H+OKt4kqsOvNd8kBpV65zoxbA4BVsEOB3ARVWQki/DHzaUoC5KuON/BiccDaCCTZBuOcfZs70kR8bQ=="
    },
    "react-lifecycles-compat": {
      "version": "3.0.4",
      "resolved": "https://registry.npmjs.org/react-lifecycles-compat/-/react-lifecycles-compat-3.0.4.tgz",
      "integrity": "sha512-fBASbA6LnOU9dOU2eW7aQ8xmYBSXUIWr+UmF9b1efZBazGNO+rcXT/icdKnYm2pTwcRylVUYwW7H1PHfLekVzA=="
    },
    "react-transition-group": {
      "version": "4.4.5",
      "resolved": "https://registry.npmjs.org/react-transition-group/-/react-transition-group-4.4.5.tgz",
      "integrity": "sha512-pZcd1MCJoiKiBR2NRxeCRg13uCXbydPnmB4EOeRrY7480qNWO8IIgQG6zlDkm6uRMsURXPuKq0GWtiM59a5Q6g==",
      "requires": {
        "@babel/runtime": "^7.5.5",
        "dom-helpers": "^5.0.1",
        "loose-envify": "^1.4.0",
        "prop-types": "^15.6.2"
      }
    },
    "regenerator-runtime": {
      "version": "0.13.11",
      "resolved": "https://registry.npmjs.org/regenerator-runtime/-/regenerator-runtime-0.13.11.tgz",
      "integrity": "sha512-kY1AZVr2Ra+t+piVaJ4gxaFaReZVH40AKNo7UCX6W+dEwBo/2oZJzqfuN1qLq1oL45o56cPaTXELwrTh8Fpggg=="
    },
    "scheduler": {
      "version": "0.23.0",
      "resolved": "https://registry.npmjs.org/scheduler/-/scheduler-0.23.0.tgz",
      "integrity": "sha512-CtuThmgHNg7zIZWAXi3AsyIzA3n4xx7aNyjwC2VJldO2LMVDhFK+63xGqq6CsJH4rTAt6/M+N4GhZiDYPx9eUw==",
      "requires": {
        "loose-envify": "^1.1.0"
      }
    },
    "source-map-js": {
      "version": "1.0.2",
      "resolved": "https://registry.npmjs.org/source-map-js/-/source-map-js-1.0.2.tgz",
      "integrity": "sha512-R0XvVJ9WusLiqTCEiGCmICCMplcCkIwwR11mOSD9CR5u+IXYdiseeEuXCVAjS54zqwkLcPNnmU4OeJ6tUrWhDw=="
    },
    "styled-jsx": {
      "version": "5.1.1",
      "resolved": "https://registry.npmjs.org/styled-jsx/-/styled-jsx-5.1.1.tgz",
      "integrity": "sha512-pW7uC1l4mBZ8ugbiZrcIsiIvVx1UmTfw7UkC3Um2tmfUq9Bhk8IiyEIPl6F8agHgjzku6j0xQEZbfA5uSgSaCw==",
      "requires": {
        "client-only": "0.0.1"
      }
    },
    "tslib": {
      "version": "2.4.1",
      "resolved": "https://registry.npmjs.org/tslib/-/tslib-2.4.1.tgz",
      "integrity": "sha512-tGyy4dAjRIEwI7BzsB0lynWgOpfqjUdq91XXAlIWD2OwKBH7oCl/GZG/HT4BOHrTlPMOASlMQ7veyTqpmRcrNA=="
    },
    "uncontrollable": {
      "version": "7.2.1",
      "resolved": "https://registry.npmjs.org/uncontrollable/-/uncontrollable-7.2.1.tgz",
      "integrity": "sha512-svtcfoTADIB0nT9nltgjujTi7BzVmwjZClOmskKu/E8FW9BXzg9os8OLr4f8Dlnk0rYWJIWr4wv9eKUXiQvQwQ==",
      "requires": {
        "@babel/runtime": "^7.6.3",
        "@types/react": ">=16.9.11",
        "invariant": "^2.2.4",
        "react-lifecycles-compat": "^3.0.4"
      }
    },
    "warning": {
      "version": "4.0.3",
      "resolved": "https://registry.npmjs.org/warning/-/warning-4.0.3.tgz",
      "integrity": "sha512-rpJyN222KWIvHJ/F53XSZv0Zl/accqHR8et1kpaMTD/fLCRxtV8iX8czMzY7sVZupTI3zcUTg8eycS2kNF9l6w==",
      "requires": {
        "loose-envify": "^1.0.0"
      }
    }
  }
}
